
Microsoft Visual Studio Solution File, Format Version 12.00
# Visual Studio Version 17
VisualStudioVersion = 17.0.31903.59
MinimumVisualStudioVersion = 10.0.40219.1
Project("{9A19103F-16F7-4668-BE54-9A1E7A4F7556}") = "WebAPI", "WebAPI\WebAPI.csproj", "{CC3F1513-0414-432D-9307-5EF0C57A9C67}"
EndProject
Project("{9A19103F-16F7-4668-BE54-9A1E7A4F7556}") = "Entities", "Entities\Entities.csproj", "{CAEAD393-7AC2-43BE-BDAB-7EC004DDC5D9}"
EndProject
Project("{9A19103F-16F7-4668-BE54-9A1E7A4F7556}") = "Repositories", "Repositories\Repositories.csproj", "{6090140C-0628-4F39-B734-A2DF230A2B07}"
EndProject
Project("{FAE04EC0-301F-11D3-BF4B-00C04F79EFBC}") = "Services", "Services\Services.csproj", "{A4161B87-65C5-44EA-8BD7-F6AEAF6C696C}"
EndProject
Project("{FAE04EC0-301F-11D3-BF4B-00C04F79EFBC}") = "Presentation", "Presentation\Presentation.csproj", "{74BE2D64-3AD7-42A9-8041-1E2905DE1BEF}"
EndProject
Global
	GlobalSection(SolutionConfigurationPlatforms) = preSolution
		Debug|Any CPU = Debug|Any CPU
		Release|Any CPU = Release|Any CPU
	EndGlobalSection
	GlobalSection(ProjectConfigurationPlatforms) = postSolution
		{CC3F1513-0414-432D-9307-5EF0C57A9C67}.Debug|Any CPU.ActiveCfg = Debug|Any CPU
		{CC3F1513-0414-432D-9307-5EF0C57A9C67}.Debug|Any CPU.Build.0 = Debug|Any CPU
		{CC3F1513-0414-432D-9307-5EF0C57A9C67}.Release|Any CPU.ActiveCfg = Release|Any CPU
		{CC3F1513-0414-432D-9307-5EF0C57A9C67}.Release|Any CPU.Build.0 = Release|Any CPU
		{CAEAD393-7AC2-43BE-BDAB-7EC004DDC5D9}.Debug|Any CPU.ActiveCfg = Debug|Any CPU
		{CAEAD393-7AC2-43BE-BDAB-7EC004DDC5D9}.Debug|Any CPU.Build.0 = Debug|Any CPU
		{CAEAD393-7AC2-43BE-BDAB-7EC004DDC5D9}.Release|Any CPU.ActiveCfg = Release|Any CPU
		{CAEAD393-7AC2-43BE-BDAB-7EC004DDC5D9}.Release|Any CPU.Build.0 = Release|Any CPU
		{6090140C-0628-4F39-B734-A2DF230A2B07}.Debug|Any CPU.ActiveCfg = Debug|Any CPU
		{6090140C-0628-4F39-B734-A2DF230A2B07}.Debug|Any CPU.Build.0 = Debug|Any CPU
		{6090140C-0628-4F39-B734-A2DF230A2B07}.Release|Any CPU.ActiveCfg = Release|Any CPU
		{6090140C-0628-4F39-B734-A2DF230A2B07}.Release|Any CPU.Build.0 = Release|Any CPU
		{A4161B87-65C5-44EA-8BD7-F6AEAF6C696C}.Debug|Any CPU.ActiveCfg = Debug|Any CPU
		{A4161B87-65C5-44EA-8BD7-F6AEAF6C696C}.Debug|Any CPU.Build.0 = Debug|Any CPU
		{A4161B87-65C5-44EA-8BD7-F6AEAF6C696C}.Release|Any CPU.ActiveCfg = Release|Any CPU
		{A4161B87-65C5-44EA-8BD7-F6AEAF6C696C}.Release|Any CPU.Build.0 = Release|Any CPU
		{74BE2D64-3AD7-42A9-8041-1E2905DE1BEF}.Debug|Any CPU.ActiveCfg = Debug|Any CPU
		{74BE2D64-3AD7-42A9-8041-1E2905DE1BEF}.Debug|Any CPU.Build.0 = Debug|Any CPU
		{74BE2D64-3AD7-42A9-8041-1E2905DE1BEF}.Release|Any CPU.ActiveCfg = Release|Any CPU
		{74BE2D64-3AD7-42A9-8041-1E2905DE1BEF}.Release|Any CPU.Build.0 = Release|Any CPU
	EndGlobalSection
	GlobalSection(SolutionProperties) = preSolution
		HideSolutionNode = FALSE
	EndGlobalSection
	GlobalSection(ExtensibilityGlobals) = postSolution
		SolutionGuid = {77747C58-F710-4801-8A89-6AEE8A6CE57E}
	EndGlobalSection
EndGlobal
